# This file is autogenerated, do not edit; changes may be undone by the next 'dep ensure'.


[[projects]]
  name = "github.com/didip/tollbooth"
  packages = [
    ".",
    "errors",
    "libstring",
    "limiter"
  ]
  revision = "c95eaa3ddc98f635a91e218b48727fb2e06613ea"
  version = "v4.0.0"

[[projects]]
  branch = "master"
  name = "github.com/didip/tollbooth_chi"
  packages = ["."]
  revision = "6ab5f3083f3d925e1944d58cdaebf43bbbff9238"

[[projects]]
  name = "github.com/go-chi/chi"
  packages = [
    ".",
    "middleware"
  ]
  revision = "b5294d10673813fac8558e7f47242bc9e61b4c25"
  version = "v3.3.3"

[[projects]]
  name = "github.com/go-chi/cors"
  packages = ["."]
  revision = "dba6525398619dead495962a916728e7ee2ca322"
  version = "v1.0.0"

[[projects]]
  name = "github.com/go-errors/errors"
  packages = ["."]
  revision = "a6af135bd4e28680facf08a3d206b454abc877a4"
  version = "v1.0.1"

[[projects]]
  name = "github.com/google/uuid"
  packages = ["."]
  revision = "d460ce9f8df2e77fb1ba55ca87fafed96c607494"
  version = "v1.0.0"

[[projects]]
  name = "github.com/patrickmn/go-cache"
  packages = ["."]
  revision = "7ac151875ffb48b9f3ccce9ea20f020b0c1596c8"

[[projects]]
  branch = "master"
  name = "github.com/rickbassham/goapi"
  packages = [
    "middleware",
    "router"
  ]
  revision = "a4a437381d8c5294af755266276bcb27c201e4e2"

[[projects]]
  branch = "master"
  name = "github.com/rickbassham/logging"
  packages = ["."]
  revision = "fa7f7e40073713cd33c2140198b9494556889c0e"

[[projects]]
  name = "github.com/spf13/afero"
  packages = [
    ".",
    "mem"
  ]
  revision = "d40851caa0d747393da1ffb28f7f9d8b4eeffebd"
  version = "v1.1.2"

[[projects]]
  branch = "master"
  name = "golang.org/x/net"
  packages = ["context"]
  revision = "c10e9556a7bc0e7c942242b606f0acf024ad5d6a"

[[projects]]
  name = "golang.org/x/text"
  packages = [
    "internal/gen",
    "internal/triegen",
    "internal/ucd",
    "transform",
    "unicode/cldr",
    "unicode/norm"
  ]
  revision = "f21a4dfb5e38f5895301dc265a8def02365cc3d0"
  version = "v0.3.0"

[[projects]]
  name = "golang.org/x/time"
  packages = ["rate"]
  revision = "711ca1cb87636abec28122ef3bc6a77269d433f3"

[solve-meta]
  analyzer-name = "dep"
  analyzer-version = 1
  inputs-digest = "d2c089944893129a8836e5190ada1f46af83356dd23bb30633dcd161790c0b4e"
  solver-name = "gps-cdcl"
  solver-version = 1
